PODS:
  - TestKit/Models (0.11)
  - TestKit/Views (0.11)

DEPENDENCIES:
  - TestKit/Models (from `../`)
  - TestKit/Views (from `../`)

EXTERNAL SOURCES:
  TestKit:
    :path: "../"

SPEC CHECKSUMS:
  TestKit: f20003ecb5d44b1eeb09e0af4acce348cef9a55c

PODFILE CHECKSUM: e0fed6e1ac13264691a51197f7aeed879c0d6dce

COCOAPODS: 1.1.0.rc.2
